
Microsoft Visual Studio Solution File, Format Version 12.00
# Visual Studio Version 16
VisualStudioVersion = 16.0.32228.343
MinimumVisualStudioVersion = 10.0.40219.1
Project("{FAE04EC0-301F-11D3-BF4B-00C04F79EFBC}") = "ShoeEmporium", "ShoeEmporium\ShoeEmporium.csproj", "{4C4CFA4B-2D8E-444B-8495-0D29416FD424}"
EndProject
Global
	GlobalSection(SolutionConfigurationPlatforms) = preSolution
		Debug|Any CPU = Debug|Any CPU
		Release|Any CPU = Release|Any CPU
	EndGlobalSection
	GlobalSection(ProjectConfigurationPlatforms) = postSolution
		{4C4CFA4B-2D8E-444B-8495-0D29416FD424}.Debug|Any CPU.ActiveCfg = Debug|Any CPU
		{4C4CFA4B-2D8E-444B-8495-0D29416FD424}.Debug|Any CPU.Build.0 = Debug|Any CPU
		{4C4CFA4B-2D8E-444B-8495-0D29416FD424}.Release|Any CPU.ActiveCfg = Release|Any CPU
		{4C4CFA4B-2D8E-444B-8495-0D29416FD424}.Release|Any CPU.Build.0 = Release|Any CPU
	EndGlobalSection
	GlobalSection(SolutionProperties) = preSolution
		HideSolutionNode = FALSE
	EndGlobalSection
	GlobalSection(ExtensibilityGlobals) = postSolution
		SolutionGuid = {9061F9EE-6DFB-4972-BDAF-D168914CA3C6}
	EndGlobalSection
EndGlobal
